
Microsoft Visual Studio Solution File, Format Version 12.00
# Visual Studio Version 16
VisualStudioVersion = 16.0.30330.147
MinimumVisualStudioVersion = 10.0.40219.1
Project("{FAE04EC0-301F-11D3-BF4B-00C04F79EFBC}") = "SumOfTwoLinkedList", "SumOfTwoLinkedList\SumOfTwoLinkedList.csproj", "{D3863885-FD93-423E-B72B-D2F65F1A051C}"
EndProject
Global
	GlobalSection(SolutionConfigurationPlatforms) = preSolution
		Debug|Any CPU = Debug|Any CPU
		Release|Any CPU = Release|Any CPU
	EndGlobalSection
	GlobalSection(ProjectConfigurationPlatforms) = postSolution
		{D3863885-FD93-423E-B72B-D2F65F1A051C}.Debug|Any CPU.ActiveCfg = Debug|Any CPU
		{D3863885-FD93-423E-B72B-D2F65F1A051C}.Debug|Any CPU.Build.0 = Debug|Any CPU
		{D3863885-FD93-423E-B72B-D2F65F1A051C}.Release|Any CPU.ActiveCfg = Release|Any CPU
		{D3863885-FD93-423E-B72B-D2F65F1A051C}.Release|Any CPU.Build.0 = Release|Any CPU
	EndGlobalSection
	GlobalSection(SolutionProperties) = preSolution
		HideSolutionNode = FALSE
	EndGlobalSection
	GlobalSection(ExtensibilityGlobals) = postSolution
		SolutionGuid = {CFBC787D-63DF-4D4C-949D-D728B34271D7}
	EndGlobalSection
EndGlobal
