
Microsoft Visual Studio Solution File, Format Version 12.00
# Visual Studio Version 16
VisualStudioVersion = 16.0.30330.147
MinimumVisualStudioVersion = 10.0.40219.1
Project("{FAE04EC0-301F-11D3-BF4B-00C04F79EFBC}") = "FindNthNodeFromEnd", "FindNthNodeFromEnd\FindNthNodeFromEnd.csproj", "{A522A901-6A8A-4670-8EBF-A5B3360A48C3}"
EndProject
Global
	GlobalSection(SolutionConfigurationPlatforms) = preSolution
		Debug|Any CPU = Debug|Any CPU
		Release|Any CPU = Release|Any CPU
	EndGlobalSection
	GlobalSection(ProjectConfigurationPlatforms) = postSolution
		{A522A901-6A8A-4670-8EBF-A5B3360A48C3}.Debug|Any CPU.ActiveCfg = Debug|Any CPU
		{A522A901-6A8A-4670-8EBF-A5B3360A48C3}.Debug|Any CPU.Build.0 = Debug|Any CPU
		{A522A901-6A8A-4670-8EBF-A5B3360A48C3}.Release|Any CPU.ActiveCfg = Release|Any CPU
		{A522A901-6A8A-4670-8EBF-A5B3360A48C3}.Release|Any CPU.Build.0 = Release|Any CPU
	EndGlobalSection
	GlobalSection(SolutionProperties) = preSolution
		HideSolutionNode = FALSE
	EndGlobalSection
	GlobalSection(ExtensibilityGlobals) = postSolution
		SolutionGuid = {8C667547-571A-4357-9DE8-8C5215B839DA}
	EndGlobalSection
EndGlobal
